%{
  "circuits_gpio": {:hex, :circuits_gpio, "2.1.2", "b4efcf84e6a74910b9fd0488d9fc8177d1cf80bb585782caaafc91bb035a74a4", [:make, :mix], [{:elixir_make, "~> 0.6", [hex: :elixir_make, repo: "hexpm", optional: false]}], "hexpm", "4b7c9de074a3c00937c01b0cd8781dd9114b1eb4705e99e7a22d46ad4899e157"},
  "circuits_spi": {:hex, :circuits_spi, "2.0.4", "b75f64c0401e3c64319dcfc76a9bc17466e4469adc5daf34165f4c4b11cf12ee", [:make, :mix], [{:elixir_make, "~> 0.6", [hex: :elixir_make, repo: "hexpm", optional: false]}], "hexpm", "ccf034065091f26c624dee777ea3f48ce64696af812622e1d060b2cffdbf90e4"},
  "earmark": {:hex, :earmark, "1.4.4", "4821b8d05cda507189d51f2caeef370cf1e18ca5d7dfb7d31e9cafe6688106a4", [:mix], [], "hexpm", "1f93aba7340574847c0f609da787f0d79efcab51b044bb6e242cae5aca9d264d"},
  "elixir_ale": {:hex, :elixir_ale, "1.2.1", "07ac2f17a0191b8bd3b0df6b526c7f699a3a4d690c9def573fcb5824eef24d98", [:make, :mix], [{:elixir_make, "~> 0.4", [hex: :elixir_make, repo: "hexpm", optional: false]}], "hexpm", "bfb099137500a3b8c4a1750cf07f2d704897ef9feac3412064bf9edc7d74193c"},
  "elixir_make": {:hex, :elixir_make, "0.9.0", "6484b3cd8c0cee58f09f05ecaf1a140a8c97670671a6a0e7ab4dc326c3109726", [:mix], [], "hexpm", "db23d4fd8b757462ad02f8aa73431a426fe6671c80b200d9710caf3d1dd0ffdb"},
  "ex_doc": {:hex, :ex_doc, "0.21.3", "857ec876b35a587c5d9148a2512e952e24c24345552259464b98bfbb883c7b42", [:mix], [{:earmark, "~> 1.4", [hex: :earmark, repo: "hexpm", optional: false]}, {:makeup_elixir, "~> 0.14", [hex: :makeup_elixir, repo: "hexpm", optional: false]}], "hexpm", "0db1ee8d1547ab4877c5b5dffc6604ef9454e189928d5ba8967d4a58a801f161"},
  "makeup": {:hex, :makeup, "1.0.1", "82f332e461dc6c79dbd82fbe2a9c10d48ed07146f0a478286e590c83c52010b5", [:mix], [{:nimble_parsec, "~> 0.5.0", [hex: :nimble_parsec, repo: "hexpm", optional: false]}], "hexpm", "49736fe5b66a08d8575bf5321d716bac5da20c8e6b97714fec2bcd6febcfa1f8"},
  "makeup_elixir": {:hex, :makeup_elixir, "0.14.0", "cf8b7c66ad1cff4c14679698d532f0b5d45a3968ffbcbfd590339cb57742f1ae", [:mix], [{:makeup, "~> 1.0", [hex: :makeup, repo: "hexpm", optional: false]}], "hexpm", "d4b316c7222a85bbaa2fd7c6e90e37e953257ad196dc229505137c5e505e9eff"},
  "nimble_parsec": {:hex, :nimble_parsec, "0.5.3", "def21c10a9ed70ce22754fdeea0810dafd53c2db3219a0cd54cf5526377af1c6", [:mix], [], "hexpm", "589b5af56f4afca65217a1f3eb3fee7e79b09c40c742fddc1c312b3ac0b3399f"},
}
